
Microsoft Visual Studio Solution File, Format Version 12.00
# Visual Studio Version 16
VisualStudioVersion = 16.0.30804.86
MinimumVisualStudioVersion = 10.0.40219.1
Project("{FAE04EC0-301F-11D3-BF4B-00C04F79EFBC}") = "FizzBuzz", "FizzBuzz\FizzBuzz.csproj", "{4FD3D18D-195A-476D-9128-243DCFB05328}"
EndProject
Project("{FAE04EC0-301F-11D3-BF4B-00C04F79EFBC}") = "FizzBuzzTests", "FizzBuzzTests\FizzBuzzTests.csproj", "{88B80C0B-4326-40D3-B1E8-BDC448D39A40}"
EndProject
Global
	GlobalSection(SolutionConfigurationPlatforms) = preSolution
		Debug|Any CPU = Debug|Any CPU
		Release|Any CPU = Release|Any CPU
	EndGlobalSection
	GlobalSection(ProjectConfigurationPlatforms) = postSolution
		{4FD3D18D-195A-476D-9128-243DCFB05328}.Debug|Any CPU.ActiveCfg = Debug|Any CPU
		{4FD3D18D-195A-476D-9128-243DCFB05328}.Debug|Any CPU.Build.0 = Debug|Any CPU
		{4FD3D18D-195A-476D-9128-243DCFB05328}.Release|Any CPU.ActiveCfg = Release|Any CPU
		{4FD3D18D-195A-476D-9128-243DCFB05328}.Release|Any CPU.Build.0 = Release|Any CPU
		{88B80C0B-4326-40D3-B1E8-BDC448D39A40}.Debug|Any CPU.ActiveCfg = Debug|Any CPU
		{88B80C0B-4326-40D3-B1E8-BDC448D39A40}.Debug|Any CPU.Build.0 = Debug|Any CPU
		{88B80C0B-4326-40D3-B1E8-BDC448D39A40}.Release|Any CPU.ActiveCfg = Release|Any CPU
		{88B80C0B-4326-40D3-B1E8-BDC448D39A40}.Release|Any CPU.Build.0 = Release|Any CPU
	EndGlobalSection
	GlobalSection(SolutionProperties) = preSolution
		HideSolutionNode = FALSE
	EndGlobalSection
	GlobalSection(ExtensibilityGlobals) = postSolution
		SolutionGuid = {5B309AAF-D27C-4F37-97C6-BF0FFEDA5860}
	EndGlobalSection
EndGlobal
